{
    "_readme": [
        "This file locks the dependencies of your project to a known state",
        "Read more about it at http://getcomposer.org/doc/01-basic-usage.md#composer-lock-the-lock-file",
        "This file is @generated automatically"
    ],
    "hash": "c58e108b7582673e4281cb68f12e37d8",
    "packages": [
        {
            "name": "websharks/js-minifier",
            "version": "dev-master",
            "source": {
                "type": "git",
                "url": "https://github.com/websharks/js-minifier.git",
                "reference": "e417d47970dbbcbec4006192a5d69429926c9f1a"
            },
            "dist": {
                "type": "zip",
                "url": "https://api.github.com/repos/websharks/js-minifier/zipball/e417d47970dbbcbec4006192a5d69429926c9f1a",
                "reference": "e417d47970dbbcbec4006192a5d69429926c9f1a",
                "shasum": ""
            },
            "require": {
                "ext-mbstring": "*",
                "php": ">=5.3"
            },
            "type": "library",
            "autoload": {
                "psr-4": {
                    "WebSharks\\JsMinifier\\": "src/includes/classes"
                }
            },
            "notification-url": "https://packagist.org/downloads/",
            "license": [
                "GPL-3.0+"
            ],
            "authors": [
                {
                    "name": "websharks",
                    "homepage": "http://websharks-inc.com/",
                    "role": "company"
                },
                {
                    "name": "jaswsinc",
                    "homepage": "http://jaswsinc.com/",
                    "role": "developer"
                },
                {
                    "name": "raamdev",
                    "homepage": "http://raam.org/",
                    "role": "developer"
                }
            ],
            "description": "Compresses JavaScript code.",
            "homepage": "https://github.com/websharks/js-minifier",
            "keywords": [
                "JS",
                "compressor",
                "javascript",
                "websharks"
            ],
            "time": "2015-04-25 23:33:16"
        }
    ],
    "packages-dev": [],
    "aliases": [],
    "minimum-stability": "dev",
    "stability-flags": {
        "websharks/js-minifier": 20
    },
    "prefer-stable": true,
    "prefer-lowest": false,
    "platform": {
        "php": ">=5.3",
        "ext-openssl": "*",
        "ext-curl": "*",
        "ext-mbstring": "*"
    },
    "platform-dev": []
}
