{
    "_readme": [
        "This file locks the dependencies of your project to a known state",
        "Read more about it at http://getcomposer.org/doc/01-basic-usage.md#composer-lock-the-lock-file",
        "This file is @generated automatically"
    ],
    "hash": "eef42e25726c877b291c8a0dcd93c94c",
    "packages": [
        {
            "name": "websharks/css-minifier",
            "version": "dev-master",
            "source": {
                "type": "git",
                "url": "https://github.com/websharks/css-minifier.git",
                "reference": "7460d5ff99090053a087726f49fbda367ddf55c1"
            },
            "dist": {
                "type": "zip",
                "url": "https://api.github.com/repos/websharks/css-minifier/zipball/7460d5ff99090053a087726f49fbda367ddf55c1",
                "reference": "7460d5ff99090053a087726f49fbda367ddf55c1",
                "shasum": ""
            },
            "require": {
                "ext-mbstring": "*",
                "php": ">=5.3"
            },
            "type": "library",
            "autoload": {
                "psr-4": {
                    "WebSharks\\CssMinifier\\": "src/includes/classes"
                }
            },
            "notification-url": "https://packagist.org/downloads/",
            "license": [
                "GPL-3.0+"
            ],
            "authors": [
                {
                    "name": "websharks",
                    "homepage": "http://websharks-inc.com/",
                    "role": "company"
                },
                {
                    "name": "jaswsinc",
                    "homepage": "http://jaswsinc.com/",
                    "role": "developer"
                },
                {
                    "name": "raamdev",
                    "homepage": "http://raam.org/",
                    "role": "developer"
                }
            ],
            "description": "Compresses CSS.",
            "homepage": "https://github.com/websharks/css-minifier",
            "keywords": [
                "compressor",
                "css",
                "websharks"
            ],
            "time": "2015-05-10 22:25:57"
        },
        {
            "name": "websharks/js-minifier",
            "version": "dev-master",
            "source": {
                "type": "git",
                "url": "https://github.com/websharks/js-minifier.git",
                "reference": "c138a090cc60f549e7071e782904f9ed69a27a42"
            },
            "dist": {
                "type": "zip",
                "url": "https://api.github.com/repos/websharks/js-minifier/zipball/c138a090cc60f549e7071e782904f9ed69a27a42",
                "reference": "c138a090cc60f549e7071e782904f9ed69a27a42",
                "shasum": ""
            },
            "require": {
                "ext-mbstring": "*",
                "php": ">=5.3"
            },
            "type": "library",
            "autoload": {
                "psr-4": {
                    "WebSharks\\JsMinifier\\": "src/includes/classes"
                }
            },
            "notification-url": "https://packagist.org/downloads/",
            "license": [
                "GPL-3.0+"
            ],
            "authors": [
                {
                    "name": "websharks",
                    "homepage": "http://websharks-inc.com/",
                    "role": "company"
                },
                {
                    "name": "jaswsinc",
                    "homepage": "http://jaswsinc.com/",
                    "role": "developer"
                },
                {
                    "name": "raamdev",
                    "homepage": "http://raam.org/",
                    "role": "developer"
                }
            ],
            "description": "Compresses JavaScript code.",
            "homepage": "https://github.com/websharks/js-minifier",
            "keywords": [
                "JS",
                "compressor",
                "javascript",
                "websharks"
            ],
            "time": "2015-05-10 23:03:53"
        }
    ],
    "packages-dev": [],
    "aliases": [],
    "minimum-stability": "dev",
    "stability-flags": {
        "websharks/js-minifier": 20,
        "websharks/css-minifier": 20
    },
    "prefer-stable": true,
    "prefer-lowest": false,
    "platform": {
        "php": ">=5.3",
        "ext-openssl": "*",
        "ext-curl": "*",
        "ext-mbstring": "*"
    },
    "platform-dev": []
}
