{
    "_readme": [
        "This file locks the dependencies of your project to a known state",
        "Read more about it at http://getcomposer.org/doc/01-basic-usage.md#composer-lock-the-lock-file",
        "This file is @generated automatically"
    ],
    "hash": "6429fef8f066548846d1a3c6ad9e563d",
    "packages": [
        {
            "name": "websharks/js-minifier",
            "version": "dev-master",
            "source": {
                "type": "git",
                "url": "https://github.com/websharks/js-minifier.git",
                "reference": "762409604940d6a4b98fe26c8e322bdd80201d23"
            },
            "dist": {
                "type": "zip",
                "url": "https://api.github.com/repos/websharks/js-minifier/zipball/762409604940d6a4b98fe26c8e322bdd80201d23",
                "reference": "762409604940d6a4b98fe26c8e322bdd80201d23",
                "shasum": ""
            },
            "require": {
                "php": ">=5.3"
            },
            "type": "library",
            "autoload": {
                "psr-4": {
                    "WebSharks\\JsMinifier\\": "includes/classes/"
                }
            },
            "notification-url": "https://packagist.org/downloads/",
            "license": [
                "GPL-3.0+"
            ],
            "authors": [
                {
                    "name": "websharks",
                    "homepage": "http://websharks-inc.com/",
                    "role": "company"
                },
                {
                    "name": "jaswsinc",
                    "homepage": "http://jaswsinc.com/",
                    "role": "developer"
                },
                {
                    "name": "raamdev",
                    "homepage": "http://raam.org/",
                    "role": "developer"
                }
            ],
            "description": "Compresses JavaScript code.",
            "homepage": "https://github.com/websharks/js-minifier",
            "keywords": [
                "JS",
                "compressor",
                "javascript",
                "websharks"
            ],
            "time": "2015-04-22 01:31:19"
        }
    ],
    "packages-dev": [],
    "aliases": [],
    "minimum-stability": "dev",
    "stability-flags": {
        "websharks/js-minifier": 20
    },
    "prefer-stable": true,
    "prefer-lowest": false,
    "platform": {
        "php": ">=5.3"
    },
    "platform-dev": []
}
